// !$*UTF8*$!
{
	archiveVersion = 1;
	classes = {
	};
	objectVersion = 56;
	objects = {

/* Begin PBXBuildFile section */
		2D26900729786D3A00B936C9 /* TouchdownApp.swift in Sources */ = {isa = PBXBuildFile; fileRef = 2D26900629786D3A00B936C9 /* TouchdownApp.swift */; };
		2D26900929786D3A00B936C9 /* ContentView.swift in Sources */ = {isa = PBXBuildFile; fileRef = 2D26900829786D3A00B936C9 /* ContentView.swift */; };
		2D26900B29786D3B00B936C9 /* Assets.xcassets in Resources */ = {isa = PBXBuildFile; fileRef = 2D26900A29786D3B00B936C9 /* Assets.xcassets */; };
		2D26900E29786D3B00B936C9 /* Preview Assets.xcassets in Resources */ = {isa = PBXBuildFile; fileRef = 2D26900D29786D3B00B936C9 /* Preview Assets.xcassets */; };
		2D26901829786E5200B936C9 /* product.json in Resources */ = {isa = PBXBuildFile; fileRef = 2D26901429786E5200B936C9 /* product.json */; };
		2D26901929786E5200B936C9 /* category.json in Resources */ = {isa = PBXBuildFile; fileRef = 2D26901529786E5200B936C9 /* category.json */; };
		2D26901A29786E5200B936C9 /* player.json in Resources */ = {isa = PBXBuildFile; fileRef = 2D26901629786E5200B936C9 /* player.json */; };
		2D26901B29786E5200B936C9 /* brand.json in Resources */ = {isa = PBXBuildFile; fileRef = 2D26901729786E5200B936C9 /* brand.json */; };
		2D26901E29786EA600B936C9 /* README.txt in Resources */ = {isa = PBXBuildFile; fileRef = 2D26901D29786EA600B936C9 /* README.txt */; };
		2D269028297872B800B936C9 /* Constants.swift in Sources */ = {isa = PBXBuildFile; fileRef = 2D269027297872B800B936C9 /* Constants.swift */; };
		2D26902A2978742600B936C9 /* FooterView.swift in Sources */ = {isa = PBXBuildFile; fileRef = 2D2690292978742600B936C9 /* FooterView.swift */; };
		2D26902C297AB86900B936C9 /* NavigationBarView.swift in Sources */ = {isa = PBXBuildFile; fileRef = 2D26902B297AB86900B936C9 /* NavigationBarView.swift */; };
		2D26902E297AB96D00B936C9 /* LogoView.swift in Sources */ = {isa = PBXBuildFile; fileRef = 2D26902D297AB96D00B936C9 /* LogoView.swift */; };
		2D269030297AC7BB00B936C9 /* UIApplicationExtension.swift in Sources */ = {isa = PBXBuildFile; fileRef = 2D26902F297AC7BB00B936C9 /* UIApplicationExtension.swift */; };
		2D269032297AE99800B936C9 /* PlayerModel.swift in Sources */ = {isa = PBXBuildFile; fileRef = 2D269031297AE99800B936C9 /* PlayerModel.swift */; };
		2D269034297AE9C200B936C9 /* CodableBundleExtension.swift in Sources */ = {isa = PBXBuildFile; fileRef = 2D269033297AE9C200B936C9 /* CodableBundleExtension.swift */; };
		2D269038297AECAE00B936C9 /* FeaturedItemView.swift in Sources */ = {isa = PBXBuildFile; fileRef = 2D269037297AECAE00B936C9 /* FeaturedItemView.swift */; };
		2D26903A297AEDC000B936C9 /* FeaturedTabView.swift in Sources */ = {isa = PBXBuildFile; fileRef = 2D269039297AEDC000B936C9 /* FeaturedTabView.swift */; };
		2D26903C297AF26C00B936C9 /* CategoryModel.swift in Sources */ = {isa = PBXBuildFile; fileRef = 2D26903B297AF26C00B936C9 /* CategoryModel.swift */; };
		2D26903E297AF54900B936C9 /* CategoryItemView.swift in Sources */ = {isa = PBXBuildFile; fileRef = 2D26903D297AF54900B936C9 /* CategoryItemView.swift */; };
		2D269040297AFA2700B936C9 /* CategoryGridView.swift in Sources */ = {isa = PBXBuildFile; fileRef = 2D26903F297AFA2700B936C9 /* CategoryGridView.swift */; };
		2D269042297AFD0300B936C9 /* SectionView.swift in Sources */ = {isa = PBXBuildFile; fileRef = 2D269041297AFD0300B936C9 /* SectionView.swift */; };
		2D269044297B05E600B936C9 /* TitleView.swift in Sources */ = {isa = PBXBuildFile; fileRef = 2D269043297B05E600B936C9 /* TitleView.swift */; };
		2D269046297B075000B936C9 /* ProductModel.swift in Sources */ = {isa = PBXBuildFile; fileRef = 2D269045297B075000B936C9 /* ProductModel.swift */; };
		2D269048297B07BA00B936C9 /* ProductItemView.swift in Sources */ = {isa = PBXBuildFile; fileRef = 2D269047297B07BA00B936C9 /* ProductItemView.swift */; };
		2D26904A297B575300B936C9 /* BrandModel.swift in Sources */ = {isa = PBXBuildFile; fileRef = 2D269049297B575300B936C9 /* BrandModel.swift */; };
		2D26904C297B578D00B936C9 /* BrandItemView.swift in Sources */ = {isa = PBXBuildFile; fileRef = 2D26904B297B578D00B936C9 /* BrandItemView.swift */; };
		2D26904E297E163D00B936C9 /* BrandGridView.swift in Sources */ = {isa = PBXBuildFile; fileRef = 2D26904D297E163D00B936C9 /* BrandGridView.swift */; };
		2D269050297E189400B936C9 /* ProductDetailView.swift in Sources */ = {isa = PBXBuildFile; fileRef = 2D26904F297E189400B936C9 /* ProductDetailView.swift */; };
		2D269052297E197000B936C9 /* NavigationBarDetailView.swift in Sources */ = {isa = PBXBuildFile; fileRef = 2D269051297E197000B936C9 /* NavigationBarDetailView.swift */; };
		2D269054297E1A9800B936C9 /* HeaderDetailView.swift in Sources */ = {isa = PBXBuildFile; fileRef = 2D269053297E1A9800B936C9 /* HeaderDetailView.swift */; };
		2D269056297E1B3900B936C9 /* TopDetailView.swift in Sources */ = {isa = PBXBuildFile; fileRef = 2D269055297E1B3900B936C9 /* TopDetailView.swift */; };
		2D26905A297ECC0400B936C9 /* CustomShape.swift in Sources */ = {isa = PBXBuildFile; fileRef = 2D269059297ECC0400B936C9 /* CustomShape.swift */; };
		2D26905C297ECE8000B936C9 /* RatingsSizesDetailView.swift in Sources */ = {isa = PBXBuildFile; fileRef = 2D26905B297ECE8000B936C9 /* RatingsSizesDetailView.swift */; };
		2D26905E297EF9B100B936C9 /* QuantityFavDetailView.swift in Sources */ = {isa = PBXBuildFile; fileRef = 2D26905D297EF9B100B936C9 /* QuantityFavDetailView.swift */; };
		2D269060297EFC1800B936C9 /* AddToCartDetailView.swift in Sources */ = {isa = PBXBuildFile; fileRef = 2D26905F297EFC1800B936C9 /* AddToCartDetailView.swift */; };
		2D269062297EFDAF00B936C9 /* Shop.swift in Sources */ = {isa = PBXBuildFile; fileRef = 2D269061297EFDAF00B936C9 /* Shop.swift */; };
/* End PBXBuildFile section */

/* Begin PBXFileReference section */
		2D26900329786D3A00B936C9 /* Touchdown.app */ = {isa = PBXFileReference; explicitFileType = wrapper.application; includeInIndex = 0; path = Touchdown.app; sourceTree = BUILT_PRODUCTS_DIR; };
		2D26900629786D3A00B936C9 /* TouchdownApp.swift */ = {isa = PBXFileReference; lastKnownFileType = sourcecode.swift; path = TouchdownApp.swift; sourceTree = "<group>"; };
		2D26900829786D3A00B936C9 /* ContentView.swift */ = {isa = PBXFileReference; lastKnownFileType = sourcecode.swift; path = ContentView.swift; sourceTree = "<group>"; };
		2D26900A29786D3B00B936C9 /* Assets.xcassets */ = {isa = PBXFileReference; lastKnownFileType = folder.assetcatalog; path = Assets.xcassets; sourceTree = "<group>"; };
		2D26900D29786D3B00B936C9 /* Preview Assets.xcassets */ = {isa = PBXFileReference; lastKnownFileType = folder.assetcatalog; path = "Preview Assets.xcassets"; sourceTree = "<group>"; };
		2D26901429786E5200B936C9 /* product.json */ = {isa = PBXFileReference; fileEncoding = 4; lastKnownFileType = text.json; path = product.json; sourceTree = "<group>"; };
		2D26901529786E5200B936C9 /* category.json */ = {isa = PBXFileReference; fileEncoding = 4; lastKnownFileType = text.json; path = category.json; sourceTree = "<group>"; };
		2D26901629786E5200B936C9 /* player.json */ = {isa = PBXFileReference; fileEncoding = 4; lastKnownFileType = text.json; path = player.json; sourceTree = "<group>"; };
		2D26901729786E5200B936C9 /* brand.json */ = {isa = PBXFileReference; fileEncoding = 4; lastKnownFileType = text.json; path = brand.json; sourceTree = "<group>"; };
		2D26901D29786EA600B936C9 /* README.txt */ = {isa = PBXFileReference; fileEncoding = 4; lastKnownFileType = text; name = README.txt; path = ../README.txt; sourceTree = "<group>"; };
		2D26901F2978700500B936C9 /* Info.plist */ = {isa = PBXFileReference; lastKnownFileType = text.plist; path = Info.plist; sourceTree = "<group>"; };
		2D269027297872B800B936C9 /* Constants.swift */ = {isa = PBXFileReference; lastKnownFileType = sourcecode.swift; path = Constants.swift; sourceTree = "<group>"; };
		2D2690292978742600B936C9 /* FooterView.swift */ = {isa = PBXFileReference; lastKnownFileType = sourcecode.swift; path = FooterView.swift; sourceTree = "<group>"; };
		2D26902B297AB86900B936C9 /* NavigationBarView.swift */ = {isa = PBXFileReference; lastKnownFileType = sourcecode.swift; path = NavigationBarView.swift; sourceTree = "<group>"; };
		2D26902D297AB96D00B936C9 /* LogoView.swift */ = {isa = PBXFileReference; lastKnownFileType = sourcecode.swift; path = LogoView.swift; sourceTree = "<group>"; };
		2D26902F297AC7BB00B936C9 /* UIApplicationExtension.swift */ = {isa = PBXFileReference; lastKnownFileType = sourcecode.swift; path = UIApplicationExtension.swift; sourceTree = "<group>"; };
		2D269031297AE99800B936C9 /* PlayerModel.swift */ = {isa = PBXFileReference; lastKnownFileType = sourcecode.swift; path = PlayerModel.swift; sourceTree = "<group>"; };
		2D269033297AE9C200B936C9 /* CodableBundleExtension.swift */ = {isa = PBXFileReference; lastKnownFileType = sourcecode.swift; path = CodableBundleExtension.swift; sourceTree = "<group>"; };
		2D269037297AECAE00B936C9 /* FeaturedItemView.swift */ = {isa = PBXFileReference; lastKnownFileType = sourcecode.swift; path = FeaturedItemView.swift; sourceTree = "<group>"; };
		2D269039297AEDC000B936C9 /* FeaturedTabView.swift */ = {isa = PBXFileReference; lastKnownFileType = sourcecode.swift; path = FeaturedTabView.swift; sourceTree = "<group>"; };
		2D26903B297AF26C00B936C9 /* CategoryModel.swift */ = {isa = PBXFileReference; lastKnownFileType = sourcecode.swift; path = CategoryModel.swift; sourceTree = "<group>"; };
		2D26903D297AF54900B936C9 /* CategoryItemView.swift */ = {isa = PBXFileReference; lastKnownFileType = sourcecode.swift; path = CategoryItemView.swift; sourceTree = "<group>"; };
		2D26903F297AFA2700B936C9 /* CategoryGridView.swift */ = {isa = PBXFileReference; lastKnownFileType = sourcecode.swift; path = CategoryGridView.swift; sourceTree = "<group>"; };
		2D269041297AFD0300B936C9 /* SectionView.swift */ = {isa = PBXFileReference; lastKnownFileType = sourcecode.swift; path = SectionView.swift; sourceTree = "<group>"; };
		2D269043297B05E600B936C9 /* TitleView.swift */ = {isa = PBXFileReference; lastKnownFileType = sourcecode.swift; path = TitleView.swift; sourceTree = "<group>"; };
		2D269045297B075000B936C9 /* ProductModel.swift */ = {isa = PBXFileReference; lastKnownFileType = sourcecode.swift; path = ProductModel.swift; sourceTree = "<group>"; };
		2D269047297B07BA00B936C9 /* ProductItemView.swift */ = {isa = PBXFileReference; lastKnownFileType = sourcecode.swift; path = ProductItemView.swift; sourceTree = "<group>"; };
		2D269049297B575300B936C9 /* BrandModel.swift */ = {isa = PBXFileReference; lastKnownFileType = sourcecode.swift; path = BrandModel.swift; sourceTree = "<group>"; };
		2D26904B297B578D00B936C9 /* BrandItemView.swift */ = {isa = PBXFileReference; lastKnownFileType = sourcecode.swift; path = BrandItemView.swift; sourceTree = "<group>"; };
		2D26904D297E163D00B936C9 /* BrandGridView.swift */ = {isa = PBXFileReference; lastKnownFileType = sourcecode.swift; path = BrandGridView.swift; sourceTree = "<group>"; };
		2D26904F297E189400B936C9 /* ProductDetailView.swift */ = {isa = PBXFileReference; lastKnownFileType = sourcecode.swift; path = ProductDetailView.swift; sourceTree = "<group>"; };
		2D269051297E197000B936C9 /* NavigationBarDetailView.swift */ = {isa = PBXFileReference; lastKnownFileType = sourcecode.swift; path = NavigationBarDetailView.swift; sourceTree = "<group>"; };
		2D269053297E1A9800B936C9 /* HeaderDetailView.swift */ = {isa = PBXFileReference; lastKnownFileType = sourcecode.swift; path = HeaderDetailView.swift; sourceTree = "<group>"; };
		2D269055297E1B3900B936C9 /* TopDetailView.swift */ = {isa = PBXFileReference; lastKnownFileType = sourcecode.swift; path = TopDetailView.swift; sourceTree = "<group>"; };
		2D269059297ECC0400B936C9 /* CustomShape.swift */ = {isa = PBXFileReference; lastKnownFileType = sourcecode.swift; path = CustomShape.swift; sourceTree = "<group>"; };
		2D26905B297ECE8000B936C9 /* RatingsSizesDetailView.swift */ = {isa = PBXFileReference; lastKnownFileType = sourcecode.swift; path = RatingsSizesDetailView.swift; sourceTree = "<group>"; };
		2D26905D297EF9B100B936C9 /* QuantityFavDetailView.swift */ = {isa = PBXFileReference; lastKnownFileType = sourcecode.swift; path = QuantityFavDetailView.swift; sourceTree = "<group>"; };
		2D26905F297EFC1800B936C9 /* AddToCartDetailView.swift */ = {isa = PBXFileReference; lastKnownFileType = sourcecode.swift; path = AddToCartDetailView.swift; sourceTree = "<group>"; };
		2D269061297EFDAF00B936C9 /* Shop.swift */ = {isa = PBXFileReference; lastKnownFileType = sourcecode.swift; path = Shop.swift; sourceTree = "<group>"; };
/* End PBXFileReference section */

/* Begin PBXFrameworksBuildPhase section */
		2D26900029786D3A00B936C9 /* Frameworks */ = {
			isa = PBXFrameworksBuildPhase;
			buildActionMask = 2147483647;
			files = (
			);
			runOnlyForDeploymentPostprocessing = 0;
		};
/* End PBXFrameworksBuildPhase section */

/* Begin PBXGroup section */
		2D268FFA29786D3A00B936C9 = {
			isa = PBXGroup;
			children = (
				2D26901D29786EA600B936C9 /* README.txt */,
				2D26900529786D3A00B936C9 /* Touchdown */,
				2D26900429786D3A00B936C9 /* Products */,
			);
			sourceTree = "<group>";
		};
		2D26900429786D3A00B936C9 /* Products */ = {
			isa = PBXGroup;
			children = (
				2D26900329786D3A00B936C9 /* Touchdown.app */,
			);
			name = Products;
			sourceTree = "<group>";
		};
		2D26900529786D3A00B936C9 /* Touchdown */ = {
			isa = PBXGroup;
			children = (
				2D2690202978715100B936C9 /* App */,
				2D2690212978716F00B936C9 /* View */,
				2D26901C29786E5900B936C9 /* Data */,
				2D2690242978719000B936C9 /* Model */,
				2D2690262978719D00B936C9 /* Utility */,
				2D2690252978719400B936C9 /* Extension */,
				2D26901F2978700500B936C9 /* Info.plist */,
				2D26900A29786D3B00B936C9 /* Assets.xcassets */,
				2D26900C29786D3B00B936C9 /* Preview Content */,
			);
			path = Touchdown;
			sourceTree = "<group>";
		};
		2D26900C29786D3B00B936C9 /* Preview Content */ = {
			isa = PBXGroup;
			children = (
				2D26900D29786D3B00B936C9 /* Preview Assets.xcassets */,
			);
			path = "Preview Content";
			sourceTree = "<group>";
		};
		2D26901C29786E5900B936C9 /* Data */ = {
			isa = PBXGroup;
			children = (
				2D26901729786E5200B936C9 /* brand.json */,
				2D26901529786E5200B936C9 /* category.json */,
				2D26901629786E5200B936C9 /* player.json */,
				2D26901429786E5200B936C9 /* product.json */,
			);
			path = Data;
			sourceTree = "<group>";
		};
		2D2690202978715100B936C9 /* App */ = {
			isa = PBXGroup;
			children = (
				2D26900629786D3A00B936C9 /* TouchdownApp.swift */,
				2D26900829786D3A00B936C9 /* ContentView.swift */,
				2D26904F297E189400B936C9 /* ProductDetailView.swift */,
			);
			path = App;
			sourceTree = "<group>";
		};
		2D2690212978716F00B936C9 /* View */ = {
			isa = PBXGroup;
			children = (
				2D2690232978717F00B936C9 /* Home */,
				2D2690222978717800B936C9 /* Detail */,
			);
			path = View;
			sourceTree = "<group>";
		};
		2D2690222978717800B936C9 /* Detail */ = {
			isa = PBXGroup;
			children = (
				2D269051297E197000B936C9 /* NavigationBarDetailView.swift */,
				2D269053297E1A9800B936C9 /* HeaderDetailView.swift */,
				2D269055297E1B3900B936C9 /* TopDetailView.swift */,
				2D26905B297ECE8000B936C9 /* RatingsSizesDetailView.swift */,
				2D26905D297EF9B100B936C9 /* QuantityFavDetailView.swift */,
				2D26905F297EFC1800B936C9 /* AddToCartDetailView.swift */,
			);
			path = Detail;
			sourceTree = "<group>";
		};
		2D2690232978717F00B936C9 /* Home */ = {
			isa = PBXGroup;
			children = (
				2D2690292978742600B936C9 /* FooterView.swift */,
				2D26902B297AB86900B936C9 /* NavigationBarView.swift */,
				2D26902D297AB96D00B936C9 /* LogoView.swift */,
				2D269037297AECAE00B936C9 /* FeaturedItemView.swift */,
				2D269039297AEDC000B936C9 /* FeaturedTabView.swift */,
				2D26903D297AF54900B936C9 /* CategoryItemView.swift */,
				2D26903F297AFA2700B936C9 /* CategoryGridView.swift */,
				2D269041297AFD0300B936C9 /* SectionView.swift */,
				2D269043297B05E600B936C9 /* TitleView.swift */,
				2D269047297B07BA00B936C9 /* ProductItemView.swift */,
				2D26904B297B578D00B936C9 /* BrandItemView.swift */,
				2D26904D297E163D00B936C9 /* BrandGridView.swift */,
			);
			path = Home;
			sourceTree = "<group>";
		};
		2D2690242978719000B936C9 /* Model */ = {
			isa = PBXGroup;
			children = (
				2D269031297AE99800B936C9 /* PlayerModel.swift */,
				2D26903B297AF26C00B936C9 /* CategoryModel.swift */,
				2D269045297B075000B936C9 /* ProductModel.swift */,
				2D269049297B575300B936C9 /* BrandModel.swift */,
			);
			path = Model;
			sourceTree = "<group>";
		};
		2D2690252978719400B936C9 /* Extension */ = {
			isa = PBXGroup;
			children = (
				2D26902F297AC7BB00B936C9 /* UIApplicationExtension.swift */,
				2D269033297AE9C200B936C9 /* CodableBundleExtension.swift */,
			);
			path = Extension;
			sourceTree = "<group>";
		};
		2D2690262978719D00B936C9 /* Utility */ = {
			isa = PBXGroup;
			children = (
				2D269027297872B800B936C9 /* Constants.swift */,
				2D269059297ECC0400B936C9 /* CustomShape.swift */,
				2D269061297EFDAF00B936C9 /* Shop.swift */,
			);
			path = Utility;
			sourceTree = "<group>";
		};
/* End PBXGroup section */

/* Begin PBXNativeTarget section */
		2D26900229786D3A00B936C9 /* Touchdown */ = {
			isa = PBXNativeTarget;
			buildConfigurationList = 2D26901129786D3B00B936C9 /* Build configuration list for PBXNativeTarget "Touchdown" */;
			buildPhases = (
				2D268FFF29786D3A00B936C9 /* Sources */,
				2D26900029786D3A00B936C9 /* Frameworks */,
				2D26900129786D3A00B936C9 /* Resources */,
			);
			buildRules = (
			);
			dependencies = (
			);
			name = Touchdown;
			productName = Touchdown;
			productReference = 2D26900329786D3A00B936C9 /* Touchdown.app */;
			productType = "com.apple.product-type.application";
		};
/* End PBXNativeTarget section */

/* Begin PBXProject section */
		2D268FFB29786D3A00B936C9 /* Project object */ = {
			isa = PBXProject;
			attributes = {
				BuildIndependentTargetsInParallel = 1;
				LastSwiftUpdateCheck = 1420;
				LastUpgradeCheck = 1420;
				TargetAttributes = {
					2D26900229786D3A00B936C9 = {
						CreatedOnToolsVersion = 14.2;
					};
				};
			};
			buildConfigurationList = 2D268FFE29786D3A00B936C9 /* Build configuration list for PBXProject "Touchdown" */;
			compatibilityVersion = "Xcode 14.0";
			developmentRegion = en;
			hasScannedForEncodings = 0;
			knownRegions = (
				en,
				Base,
			);
			mainGroup = 2D268FFA29786D3A00B936C9;
			productRefGroup = 2D26900429786D3A00B936C9 /* Products */;
			projectDirPath = "";
			projectRoot = "";
			targets = (
				2D26900229786D3A00B936C9 /* Touchdown */,
			);
		};
/* End PBXProject section */

/* Begin PBXResourcesBuildPhase section */
		2D26900129786D3A00B936C9 /* Resources */ = {
			isa = PBXResourcesBuildPhase;
			buildActionMask = 2147483647;
			files = (
				2D26901A29786E5200B936C9 /* player.json in Resources */,
				2D26900E29786D3B00B936C9 /* Preview Assets.xcassets in Resources */,
				2D26900B29786D3B00B936C9 /* Assets.xcassets in Resources */,
				2D26901829786E5200B936C9 /* product.json in Resources */,
				2D26901929786E5200B936C9 /* category.json in Resources */,
				2D26901E29786EA600B936C9 /* README.txt in Resources */,
				2D26901B29786E5200B936C9 /* brand.json in Resources */,
			);
			runOnlyForDeploymentPostprocessing = 0;
		};
/* End PBXResourcesBuildPhase section */

/* Begin PBXSourcesBuildPhase section */
		2D268FFF29786D3A00B936C9 /* Sources */ = {
			isa = PBXSourcesBuildPhase;
			buildActionMask = 2147483647;
			files = (
				2D269040297AFA2700B936C9 /* CategoryGridView.swift in Sources */,
				2D26900929786D3A00B936C9 /* ContentView.swift in Sources */,
				2D269042297AFD0300B936C9 /* SectionView.swift in Sources */,
				2D269062297EFDAF00B936C9 /* Shop.swift in Sources */,
				2D269046297B075000B936C9 /* ProductModel.swift in Sources */,
				2D26903C297AF26C00B936C9 /* CategoryModel.swift in Sources */,
				2D26902E297AB96D00B936C9 /* LogoView.swift in Sources */,
				2D269032297AE99800B936C9 /* PlayerModel.swift in Sources */,
				2D26904E297E163D00B936C9 /* BrandGridView.swift in Sources */,
				2D269054297E1A9800B936C9 /* HeaderDetailView.swift in Sources */,
				2D26902A2978742600B936C9 /* FooterView.swift in Sources */,
				2D269060297EFC1800B936C9 /* AddToCartDetailView.swift in Sources */,
				2D269044297B05E600B936C9 /* TitleView.swift in Sources */,
				2D269052297E197000B936C9 /* NavigationBarDetailView.swift in Sources */,
				2D26905A297ECC0400B936C9 /* CustomShape.swift in Sources */,
				2D269048297B07BA00B936C9 /* ProductItemView.swift in Sources */,
				2D26905C297ECE8000B936C9 /* RatingsSizesDetailView.swift in Sources */,
				2D26900729786D3A00B936C9 /* TouchdownApp.swift in Sources */,
				2D26905E297EF9B100B936C9 /* QuantityFavDetailView.swift in Sources */,
				2D269028297872B800B936C9 /* Constants.swift in Sources */,
				2D269050297E189400B936C9 /* ProductDetailView.swift in Sources */,
				2D26903A297AEDC000B936C9 /* FeaturedTabView.swift in Sources */,
				2D269030297AC7BB00B936C9 /* UIApplicationExtension.swift in Sources */,
				2D269038297AECAE00B936C9 /* FeaturedItemView.swift in Sources */,
				2D26904C297B578D00B936C9 /* BrandItemView.swift in Sources */,
				2D26903E297AF54900B936C9 /* CategoryItemView.swift in Sources */,
				2D26902C297AB86900B936C9 /* NavigationBarView.swift in Sources */,
				2D269034297AE9C200B936C9 /* CodableBundleExtension.swift in Sources */,
				2D269056297E1B3900B936C9 /* TopDetailView.swift in Sources */,
				2D26904A297B575300B936C9 /* BrandModel.swift in Sources */,
			);
			runOnlyForDeploymentPostprocessing = 0;
		};
/* End PBXSourcesBuildPhase section */

/* Begin XCBuildConfiguration section */
		2D26900F29786D3B00B936C9 /* Debug */ = {
			isa = XCBuildConfiguration;
			buildSettings = {
				ALWAYS_SEARCH_USER_PATHS = NO;
				CLANG_ANALYZER_NONNULL = YES;
				CLANG_ANALYZER_NUMBER_OBJECT_CONVERSION = YES_AGGRESSIVE;
				CLANG_CXX_LANGUAGE_STANDARD = "gnu++20";
				CLANG_ENABLE_MODULES = YES;
				CLANG_ENABLE_OBJC_ARC = YES;
				CLANG_ENABLE_OBJC_WEAK = YES;
				CLANG_WARN_BLOCK_CAPTURE_AUTORELEASING = YES;
				CLANG_WARN_BOOL_CONVERSION = YES;
				CLANG_WARN_COMMA = YES;
				CLANG_WARN_CONSTANT_CONVERSION = YES;
				CLANG_WARN_DEPRECATED_OBJC_IMPLEMENTATIONS = YES;
				CLANG_WARN_DIRECT_OBJC_ISA_USAGE = YES_ERROR;
				CLANG_WARN_DOCUMENTATION_COMMENTS = YES;
				CLANG_WARN_EMPTY_BODY = YES;
				CLANG_WARN_ENUM_CONVERSION = YES;
				CLANG_WARN_INFINITE_RECURSION = YES;
				CLANG_WARN_INT_CONVERSION = YES;
				CLANG_WARN_NON_LITERAL_NULL_CONVERSION = YES;
				CLANG_WARN_OBJC_IMPLICIT_RETAIN_SELF = YES;
				CLANG_WARN_OBJC_LITERAL_CONVERSION = YES;
				CLANG_WARN_OBJC_ROOT_CLASS = YES_ERROR;
				CLANG_WARN_QUOTED_INCLUDE_IN_FRAMEWORK_HEADER = YES;
				CLANG_WARN_RANGE_LOOP_ANALYSIS = YES;
				CLANG_WARN_STRICT_PROTOTYPES = YES;
				CLANG_WARN_SUSPICIOUS_MOVE = YES;
				CLANG_WARN_UNGUARDED_AVAILABILITY = YES_AGGRESSIVE;
				CLANG_WARN_UNREACHABLE_CODE = YES;
				CLANG_WARN__DUPLICATE_METHOD_MATCH = YES;
				COPY_PHASE_STRIP = NO;
				DEBUG_INFORMATION_FORMAT = dwarf;
				ENABLE_STRICT_OBJC_MSGSEND = YES;
				ENABLE_TESTABILITY = YES;
				GCC_C_LANGUAGE_STANDARD = gnu11;
				GCC_DYNAMIC_NO_PIC = NO;
				GCC_NO_COMMON_BLOCKS = YES;
				GCC_OPTIMIZATION_LEVEL = 0;
				GCC_PREPROCESSOR_DEFINITIONS = (
					"DEBUG=1",
					"$(inherited)",
				);
				GCC_WARN_64_TO_32_BIT_CONVERSION = YES;
				GCC_WARN_ABOUT_RETURN_TYPE = YES_ERROR;
				GCC_WARN_UNDECLARED_SELECTOR = YES;
				GCC_WARN_UNINITIALIZED_AUTOS = YES_AGGRESSIVE;
				GCC_WARN_UNUSED_FUNCTION = YES;
				GCC_WARN_UNUSED_VARIABLE = YES;
				IPHONEOS_DEPLOYMENT_TARGET = 16.2;
				MTL_ENABLE_DEBUG_INFO = INCLUDE_SOURCE;
				MTL_FAST_MATH = YES;
				ONLY_ACTIVE_ARCH = YES;
				SDKROOT = iphoneos;
				SWIFT_ACTIVE_COMPILATION_CONDITIONS = DEBUG;
				SWIFT_OPTIMIZATION_LEVEL = "-Onone";
			};
			name = Debug;
		};
		2D26901029786D3B00B936C9 /* Release */ = {
			isa = XCBuildConfiguration;
			buildSettings = {
				ALWAYS_SEARCH_USER_PATHS = NO;
				CLANG_ANALYZER_NONNULL = YES;
				CLANG_ANALYZER_NUMBER_OBJECT_CONVERSION = YES_AGGRESSIVE;
				CLANG_CXX_LANGUAGE_STANDARD = "gnu++20";
				CLANG_ENABLE_MODULES = YES;
				CLANG_ENABLE_OBJC_ARC = YES;
				CLANG_ENABLE_OBJC_WEAK = YES;
				CLANG_WARN_BLOCK_CAPTURE_AUTORELEASING = YES;
				CLANG_WARN_BOOL_CONVERSION = YES;
				CLANG_WARN_COMMA = YES;
				CLANG_WARN_CONSTANT_CONVERSION = YES;
				CLANG_WARN_DEPRECATED_OBJC_IMPLEMENTATIONS = YES;
				CLANG_WARN_DIRECT_OBJC_ISA_USAGE = YES_ERROR;
				CLANG_WARN_DOCUMENTATION_COMMENTS = YES;
				CLANG_WARN_EMPTY_BODY = YES;
				CLANG_WARN_ENUM_CONVERSION = YES;
				CLANG_WARN_INFINITE_RECURSION = YES;
				CLANG_WARN_INT_CONVERSION = YES;
				CLANG_WARN_NON_LITERAL_NULL_CONVERSION = YES;
				CLANG_WARN_OBJC_IMPLICIT_RETAIN_SELF = YES;
				CLANG_WARN_OBJC_LITERAL_CONVERSION = YES;
				CLANG_WARN_OBJC_ROOT_CLASS = YES_ERROR;
				CLANG_WARN_QUOTED_INCLUDE_IN_FRAMEWORK_HEADER = YES;
				CLANG_WARN_RANGE_LOOP_ANALYSIS = YES;
				CLANG_WARN_STRICT_PROTOTYPES = YES;
				CLANG_WARN_SUSPICIOUS_MOVE = YES;
				CLANG_WARN_UNGUARDED_AVAILABILITY = YES_AGGRESSIVE;
				CLANG_WARN_UNREACHABLE_CODE = YES;
				CLANG_WARN__DUPLICATE_METHOD_MATCH = YES;
				COPY_PHASE_STRIP = NO;
				DEBUG_INFORMATION_FORMAT = "dwarf-with-dsym";
				ENABLE_NS_ASSERTIONS = NO;
				ENABLE_STRICT_OBJC_MSGSEND = YES;
				GCC_C_LANGUAGE_STANDARD = gnu11;
				GCC_NO_COMMON_BLOCKS = YES;
				GCC_WARN_64_TO_32_BIT_CONVERSION = YES;
				GCC_WARN_ABOUT_RETURN_TYPE = YES_ERROR;
				GCC_WARN_UNDECLARED_SELECTOR = YES;
				GCC_WARN_UNINITIALIZED_AUTOS = YES_AGGRESSIVE;
				GCC_WARN_UNUSED_FUNCTION = YES;
				GCC_WARN_UNUSED_VARIABLE = YES;
				IPHONEOS_DEPLOYMENT_TARGET = 16.2;
				MTL_ENABLE_DEBUG_INFO = NO;
				MTL_FAST_MATH = YES;
				SDKROOT = iphoneos;
				SWIFT_COMPILATION_MODE = wholemodule;
				SWIFT_OPTIMIZATION_LEVEL = "-O";
				VALIDATE_PRODUCT = YES;
			};
			name = Release;
		};
		2D26901229786D3B00B936C9 /* Debug */ = {
			isa = XCBuildConfiguration;
			buildSettings = {
				ASSETCATALOG_COMPILER_APPICON_NAME = AppIcon;
				ASSETCATALOG_COMPILER_GLOBAL_ACCENT_COLOR_NAME = AccentColor;
				CODE_SIGN_STYLE = Automatic;
				CURRENT_PROJECT_VERSION = 1;
				DEVELOPMENT_ASSET_PATHS = "\"Touchdown/Preview Content\"";
				DEVELOPMENT_TEAM = 2H8VP26HBU;
				ENABLE_PREVIEWS = YES;
				GENERATE_INFOPLIST_FILE = YES;
				INFOPLIST_FILE = Touchdown/Info.plist;
				INFOPLIST_KEY_CFBundleDisplayName = "";
				INFOPLIST_KEY_LSApplicationCategoryType = "";
				INFOPLIST_KEY_UIApplicationSceneManifest_Generation = YES;
				INFOPLIST_KEY_UIApplicationSupportsIndirectInputEvents = YES;
				INFOPLIST_KEY_UISupportedInterfaceOrientations = UIInterfaceOrientationPortrait;
				INFOPLIST_KEY_UISupportedInterfaceOrientations_iPad = "UIInterfaceOrientationLandscapeLeft UIInterfaceOrientationLandscapeRight UIInterfaceOrientationPortrait UIInterfaceOrientationPortraitUpsideDown";
				INFOPLIST_KEY_UIUserInterfaceStyle = Light;
				LD_RUNPATH_SEARCH_PATHS = (
					"$(inherited)",
					"@executable_path/Frameworks",
				);
				MARKETING_VERSION = 1.0;
				PRODUCT_BUNDLE_IDENTIFIER = odrzywolek.marta.Touchdown;
				PRODUCT_NAME = "$(TARGET_NAME)";
				SWIFT_EMIT_LOC_STRINGS = YES;
				SWIFT_VERSION = 5.0;
				TARGETED_DEVICE_FAMILY = "1,2";
			};
			name = Debug;
		};
		2D26901329786D3B00B936C9 /* Release */ = {
			isa = XCBuildConfiguration;
			buildSettings = {
				ASSETCATALOG_COMPILER_APPICON_NAME = AppIcon;
				ASSETCATALOG_COMPILER_GLOBAL_ACCENT_COLOR_NAME = AccentColor;
				CODE_SIGN_STYLE = Automatic;
				CURRENT_PROJECT_VERSION = 1;
				DEVELOPMENT_ASSET_PATHS = "\"Touchdown/Preview Content\"";
				DEVELOPMENT_TEAM = 2H8VP26HBU;
				ENABLE_PREVIEWS = YES;
				GENERATE_INFOPLIST_FILE = YES;
				INFOPLIST_FILE = Touchdown/Info.plist;
				INFOPLIST_KEY_CFBundleDisplayName = "";
				INFOPLIST_KEY_LSApplicationCategoryType = "";
				INFOPLIST_KEY_UIApplicationSceneManifest_Generation = YES;
				INFOPLIST_KEY_UIApplicationSupportsIndirectInputEvents = YES;
				INFOPLIST_KEY_UISupportedInterfaceOrientations = UIInterfaceOrientationPortrait;
				INFOPLIST_KEY_UISupportedInterfaceOrientations_iPad = "UIInterfaceOrientationLandscapeLeft UIInterfaceOrientationLandscapeRight UIInterfaceOrientationPortrait UIInterfaceOrientationPortraitUpsideDown";
				INFOPLIST_KEY_UIUserInterfaceStyle = Light;
				LD_RUNPATH_SEARCH_PATHS = (
					"$(inherited)",
					"@executable_path/Frameworks",
				);
				MARKETING_VERSION = 1.0;
				PRODUCT_BUNDLE_IDENTIFIER = odrzywolek.marta.Touchdown;
				PRODUCT_NAME = "$(TARGET_NAME)";
				SWIFT_EMIT_LOC_STRINGS = YES;
				SWIFT_VERSION = 5.0;
				TARGETED_DEVICE_FAMILY = "1,2";
			};
			name = Release;
		};
/* End XCBuildConfiguration section */

/* Begin XCConfigurationList section */
		2D268FFE29786D3A00B936C9 /* Build configuration list for PBXProject "Touchdown" */ = {
			isa = XCConfigurationList;
			buildConfigurations = (
				2D26900F29786D3B00B936C9 /* Debug */,
				2D26901029786D3B00B936C9 /* Release */,
			);
			defaultConfigurationIsVisible = 0;
			defaultConfigurationName = Release;
		};
		2D26901129786D3B00B936C9 /* Build configuration list for PBXNativeTarget "Touchdown" */ = {
			isa = XCConfigurationList;
			buildConfigurations = (
				2D26901229786D3B00B936C9 /* Debug */,
				2D26901329786D3B00B936C9 /* Release */,
			);
			defaultConfigurationIsVisible = 0;
			defaultConfigurationName = Release;
		};
/* End XCConfigurationList section */
	};
	rootObject = 2D268FFB29786D3A00B936C9 /* Project object */;
}
